// !$*UTF8*$!
{
	archiveVersion = 1;
	classes = {
	};
	objectVersion = 46;
	objects = {

/* Begin PBXBuildFile section */
		2F0596D41A8BFB9000AC2AFB /* CoreDataStack.m in Sources */ = {isa = PBXBuildFile; fileRef = 2F0596D31A8BFB9000AC2AFB /* CoreDataStack.m */; };
		2F0596D71A8C002400AC2AFB /* HotelService.m in Sources */ = {isa = PBXBuildFile; fileRef = 2F0596D61A8C002400AC2AFB /* HotelService.m */; };
		2F0596DD1A8C06AF00AC2AFB /* ReservationListViewController.m in Sources */ = {isa = PBXBuildFile; fileRef = 2F0596DC1A8C06AF00AC2AFB /* ReservationListViewController.m */; };
		2F195EE31A894F6E00177D18 /* main.m in Sources */ = {isa = PBXBuildFile; fileRef = 2F195EE21A894F6E00177D18 /* main.m */; };
		2F195EE61A894F6E00177D18 /* AppDelegate.m in Sources */ = {isa = PBXBuildFile; fileRef = 2F195EE51A894F6E00177D18 /* AppDelegate.m */; };
		2F195EE91A894F6E00177D18 /* HotelduCoreData.xcdatamodeld in Sources */ = {isa = PBXBuildFile; fileRef = 2F195EE71A894F6E00177D18 /* HotelduCoreData.xcdatamodeld */; };
		2F195EEF1A894F6E00177D18 /* Main.storyboard in Resources */ = {isa = PBXBuildFile; fileRef = 2F195EED1A894F6E00177D18 /* Main.storyboard */; };
		2F195EF11A894F6E00177D18 /* Images.xcassets in Resources */ = {isa = PBXBuildFile; fileRef = 2F195EF01A894F6E00177D18 /* Images.xcassets */; };
		2F195EF41A894F6E00177D18 /* LaunchScreen.xib in Resources */ = {isa = PBXBuildFile; fileRef = 2F195EF21A894F6E00177D18 /* LaunchScreen.xib */; };
		2F195F001A894F6E00177D18 /* HotelduCoreDataTests.m in Sources */ = {isa = PBXBuildFile; fileRef = 2F195EFF1A894F6E00177D18 /* HotelduCoreDataTests.m */; };
		2F195F0B1A8953C300177D18 /* Hotel.m in Sources */ = {isa = PBXBuildFile; fileRef = 2F195F0A1A8953C300177D18 /* Hotel.m */; };
		2F195F0E1A8953C400177D18 /* Room.m in Sources */ = {isa = PBXBuildFile; fileRef = 2F195F0D1A8953C400177D18 /* Room.m */; };
		2F195F141A8953C400177D18 /* Reservation.m in Sources */ = {isa = PBXBuildFile; fileRef = 2F195F131A8953C400177D18 /* Reservation.m */; };
		2F195F1B1A8954E300177D18 /* HotelListViewController.m in Sources */ = {isa = PBXBuildFile; fileRef = 2F195F1A1A8954E300177D18 /* HotelListViewController.m */; };
		2F195F1D1A895D7700177D18 /* seed.json in Resources */ = {isa = PBXBuildFile; fileRef = 2F195F1C1A895D7700177D18 /* seed.json */; };
		2F195F201A8967AE00177D18 /* RoomListViewController.m in Sources */ = {isa = PBXBuildFile; fileRef = 2F195F1F1A8967AE00177D18 /* RoomListViewController.m */; };
		2F195F261A89832D00177D18 /* MenuTableViewController.m in Sources */ = {isa = PBXBuildFile; fileRef = 2F195F251A89832D00177D18 /* MenuTableViewController.m */; };
		2F8F42211A8AABA500787B51 /* AddReservationViewController.m in Sources */ = {isa = PBXBuildFile; fileRef = 2F8F42201A8AABA500787B51 /* AddReservationViewController.m */; };
		2F8F422C1A8AB53200787B51 /* Guest.m in Sources */ = {isa = PBXBuildFile; fileRef = 2F8F422B1A8AB53200787B51 /* Guest.m */; };
		2F8F422F1A8ABB0600787B51 /* AvailibilityViewController.m in Sources */ = {isa = PBXBuildFile; fileRef = 2F8F422E1A8ABB0600787B51 /* AvailibilityViewController.m */; };
		2FEB7E141A8D6B7300A62C6E /* Bucket.m in Sources */ = {isa = PBXBuildFile; fileRef = 2FEB7E131A8D6B7300A62C6E /* Bucket.m */; };
		2FEB7E171A8D6C4800A62C6E /* HashTable.m in Sources */ = {isa = PBXBuildFile; fileRef = 2FEB7E161A8D6C4800A62C6E /* HashTable.m */; };
		5D56E1181A8EEAAE00B15E37 /* HashTableTests.m in Sources */ = {isa = PBXBuildFile; fileRef = 5D56E1171A8EEAAE00B15E37 /* HashTableTests.m */; };
/* End PBXBuildFile section */

/* Begin PBXContainerItemProxy section */
		2F195EFA1A894F6E00177D18 /* PBXContainerItemProxy */ = {
			isa = PBXContainerItemProxy;
			containerPortal = 2F195ED51A894F6E00177D18 /* Project object */;
			proxyType = 1;
			remoteGlobalIDString = 2F195EDC1A894F6E00177D18;
			remoteInfo = HotelduCoreData;
		};
/* End PBXContainerItemProxy section */

/* Begin PBXFileReference section */
		2F0596D21A8BFB9000AC2AFB /* CoreDataStack.h */ = {isa = PBXFileReference; fileEncoding = 4; lastKnownFileType = sourcecode.c.h; path = CoreDataStack.h; sourceTree = "<group>"; };
		2F0596D31A8BFB9000AC2AFB /* CoreDataStack.m */ = {isa = PBXFileReference; fileEncoding = 4; lastKnownFileType = sourcecode.c.objc; path = CoreDataStack.m; sourceTree = "<group>"; };
		2F0596D51A8C002400AC2AFB /* HotelService.h */ = {isa = PBXFileReference; fileEncoding = 4; lastKnownFileType = sourcecode.c.h; path = HotelService.h; sourceTree = "<group>"; };
		2F0596D61A8C002400AC2AFB /* HotelService.m */ = {isa = PBXFileReference; fileEncoding = 4; lastKnownFileType = sourcecode.c.objc; path = HotelService.m; sourceTree = "<group>"; };
		2F0596DB1A8C06AF00AC2AFB /* ReservationListViewController.h */ = {isa = PBXFileReference; fileEncoding = 4; lastKnownFileType = sourcecode.c.h; path = ReservationListViewController.h; sourceTree = "<group>"; };
		2F0596DC1A8C06AF00AC2AFB /* ReservationListViewController.m */ = {isa = PBXFileReference; fileEncoding = 4; lastKnownFileType = sourcecode.c.objc; path = ReservationListViewController.m; sourceTree = "<group>"; };
		2F195EDD1A894F6E00177D18 /* HotelduCoreData.app */ = {isa = PBXFileReference; explicitFileType = wrapper.application; includeInIndex = 0; path = HotelduCoreData.app; sourceTree = BUILT_PRODUCTS_DIR; };
		2F195EE11A894F6E00177D18 /* Info.plist */ = {isa = PBXFileReference; lastKnownFileType = text.plist.xml; path = Info.plist; sourceTree = "<group>"; };
		2F195EE21A894F6E00177D18 /* main.m */ = {isa = PBXFileReference; lastKnownFileType = sourcecode.c.objc; path = main.m; sourceTree = "<group>"; };
		2F195EE41A894F6E00177D18 /* AppDelegate.h */ = {isa = PBXFileReference; lastKnownFileType = sourcecode.c.h; path = AppDelegate.h; sourceTree = "<group>"; };
		2F195EE51A894F6E00177D18 /* AppDelegate.m */ = {isa = PBXFileReference; lastKnownFileType = sourcecode.c.objc; path = AppDelegate.m; sourceTree = "<group>"; };
		2F195EE81A894F6E00177D18 /* HotelduCoreData.xcdatamodel */ = {isa = PBXFileReference; lastKnownFileType = wrapper.xcdatamodel; path = HotelduCoreData.xcdatamodel; sourceTree = "<group>"; };
		2F195EEE1A894F6E00177D18 /* Base */ = {isa = PBXFileReference; lastKnownFileType = file.storyboard; name = Base; path = Base.lproj/Main.storyboard; sourceTree = "<group>"; };
		2F195EF01A894F6E00177D18 /* Images.xcassets */ = {isa = PBXFileReference; lastKnownFileType = folder.assetcatalog; path = Images.xcassets; sourceTree = "<group>"; };
		2F195EF31A894F6E00177D18 /* Base */ = {isa = PBXFileReference; lastKnownFileType = file.xib; name = Base; path = Base.lproj/LaunchScreen.xib; sourceTree = "<group>"; };
		2F195EF91A894F6E00177D18 /* HotelduCoreDataTests.xctest */ = {isa = PBXFileReference; explicitFileType = wrapper.cfbundle; includeInIndex = 0; path = HotelduCoreDataTests.xctest; sourceTree = BUILT_PRODUCTS_DIR; };
		2F195EFE1A894F6E00177D18 /* Info.plist */ = {isa = PBXFileReference; lastKnownFileType = text.plist.xml; path = Info.plist; sourceTree = "<group>"; };
		2F195EFF1A894F6E00177D18 /* HotelduCoreDataTests.m */ = {isa = PBXFileReference; lastKnownFileType = sourcecode.c.objc; path = HotelduCoreDataTests.m; sourceTree = "<group>"; };
		2F195F091A8953C300177D18 /* Hotel.h */ = {isa = PBXFileReference; fileEncoding = 4; lastKnownFileType = sourcecode.c.h; path = Hotel.h; sourceTree = "<group>"; };
		2F195F0A1A8953C300177D18 /* Hotel.m */ = {isa = PBXFileReference; fileEncoding = 4; lastKnownFileType = sourcecode.c.objc; path = Hotel.m; sourceTree = "<group>"; };
		2F195F0C1A8953C400177D18 /* Room.h */ = {isa = PBXFileReference; fileEncoding = 4; lastKnownFileType = sourcecode.c.h; path = Room.h; sourceTree = "<group>"; };
		2F195F0D1A8953C400177D18 /* Room.m */ = {isa = PBXFileReference; fileEncoding = 4; lastKnownFileType = sourcecode.c.objc; path = Room.m; sourceTree = "<group>"; };
		2F195F121A8953C400177D18 /* Reservation.h */ = {isa = PBXFileReference; fileEncoding = 4; lastKnownFileType = sourcecode.c.h; path = Reservation.h; sourceTree = "<group>"; };
		2F195F131A8953C400177D18 /* Reservation.m */ = {isa = PBXFileReference; fileEncoding = 4; lastKnownFileType = sourcecode.c.objc; path = Reservation.m; sourceTree = "<group>"; };
		2F195F191A8954E300177D18 /* HotelListViewController.h */ = {isa = PBXFileReference; fileEncoding = 4; lastKnownFileType = sourcecode.c.h; path = HotelListViewController.h; sourceTree = "<group>"; };
		2F195F1A1A8954E300177D18 /* HotelListViewController.m */ = {isa = PBXFileReference; fileEncoding = 4; lastKnownFileType = sourcecode.c.objc; path = HotelListViewController.m; sourceTree = "<group>"; };
		2F195F1C1A895D7700177D18 /* seed.json */ = {isa = PBXFileReference; fileEncoding = 4; lastKnownFileType = text.json; path = seed.json; sourceTree = "<group>"; };
		2F195F1E1A8967AE00177D18 /* RoomListViewController.h */ = {isa = PBXFileReference; fileEncoding = 4; lastKnownFileType = sourcecode.c.h; path = RoomListViewController.h; sourceTree = "<group>"; };
		2F195F1F1A8967AE00177D18 /* RoomListViewController.m */ = {isa = PBXFileReference; fileEncoding = 4; lastKnownFileType = sourcecode.c.objc; path = RoomListViewController.m; sourceTree = "<group>"; };
		2F195F241A89832D00177D18 /* MenuTableViewController.h */ = {isa = PBXFileReference; fileEncoding = 4; lastKnownFileType = sourcecode.c.h; path = MenuTableViewController.h; sourceTree = "<group>"; };
		2F195F251A89832D00177D18 /* MenuTableViewController.m */ = {isa = PBXFileReference; fileEncoding = 4; lastKnownFileType = sourcecode.c.objc; path = MenuTableViewController.m; sourceTree = "<group>"; };
		2F8F421F1A8AABA500787B51 /* AddReservationViewController.h */ = {isa = PBXFileReference; fileEncoding = 4; lastKnownFileType = sourcecode.c.h; path = AddReservationViewController.h; sourceTree = "<group>"; };
		2F8F42201A8AABA500787B51 /* AddReservationViewController.m */ = {isa = PBXFileReference; fileEncoding = 4; lastKnownFileType = sourcecode.c.objc; path = AddReservationViewController.m; sourceTree = "<group>"; };
		2F8F422A1A8AB53200787B51 /* Guest.h */ = {isa = PBXFileReference; fileEncoding = 4; lastKnownFileType = sourcecode.c.h; path = Guest.h; sourceTree = "<group>"; };
		2F8F422B1A8AB53200787B51 /* Guest.m */ = {isa = PBXFileReference; fileEncoding = 4; lastKnownFileType = sourcecode.c.objc; path = Guest.m; sourceTree = "<group>"; };
		2F8F422D1A8ABB0600787B51 /* AvailibilityViewController.h */ = {isa = PBXFileReference; fileEncoding = 4; lastKnownFileType = sourcecode.c.h; path = AvailibilityViewController.h; sourceTree = "<group>"; };
		2F8F422E1A8ABB0600787B51 /* AvailibilityViewController.m */ = {isa = PBXFileReference; fileEncoding = 4; lastKnownFileType = sourcecode.c.objc; path = AvailibilityViewController.m; sourceTree = "<group>"; };
		2FEB7E121A8D6B7300A62C6E /* Bucket.h */ = {isa = PBXFileReference; fileEncoding = 4; lastKnownFileType = sourcecode.c.h; path = Bucket.h; sourceTree = "<group>"; };
		2FEB7E131A8D6B7300A62C6E /* Bucket.m */ = {isa = PBXFileReference; fileEncoding = 4; lastKnownFileType = sourcecode.c.objc; path = Bucket.m; sourceTree = "<group>"; };
		2FEB7E151A8D6C4800A62C6E /* HashTable.h */ = {isa = PBXFileReference; fileEncoding = 4; lastKnownFileType = sourcecode.c.h; path = HashTable.h; sourceTree = "<group>"; };
		2FEB7E161A8D6C4800A62C6E /* HashTable.m */ = {isa = PBXFileReference; fileEncoding = 4; lastKnownFileType = sourcecode.c.objc; path = HashTable.m; sourceTree = "<group>"; };
		5D56E1171A8EEAAE00B15E37 /* HashTableTests.m */ = {isa = PBXFileReference; fileEncoding = 4; lastKnownFileType = sourcecode.c.objc; path = HashTableTests.m; sourceTree = "<group>"; };
/* End PBXFileReference section */

/* Begin PBXFrameworksBuildPhase section */
		2F195EDA1A894F6E00177D18 /* Frameworks */ = {
			isa = PBXFrameworksBuildPhase;
			buildActionMask = 2147483647;
			files = (
			);
			runOnlyForDeploymentPostprocessing = 0;
		};
		2F195EF61A894F6E00177D18 /* Frameworks */ = {
			isa = PBXFrameworksBuildPhase;
			buildActionMask = 2147483647;
			files = (
			);
			runOnlyForDeploymentPostprocessing = 0;
		};
/* End PBXFrameworksBuildPhase section */

/* Begin PBXGroup section */
		2F195ED41A894F6E00177D18 = {
			isa = PBXGroup;
			children = (
				2F195EDF1A894F6E00177D18 /* HotelduCoreData */,
				2F195EFC1A894F6E00177D18 /* HotelduCoreDataTests */,
				2F195EDE1A894F6E00177D18 /* Products */,
			);
			sourceTree = "<group>";
		};
		2F195EDE1A894F6E00177D18 /* Products */ = {
			isa = PBXGroup;
			children = (
				2F195EDD1A894F6E00177D18 /* HotelduCoreData.app */,
				2F195EF91A894F6E00177D18 /* HotelduCoreDataTests.xctest */,
			);
			name = Products;
			sourceTree = "<group>";
		};
		2F195EDF1A894F6E00177D18 /* HotelduCoreData */ = {
			isa = PBXGroup;
			children = (
				2F195F171A8953D800177D18 /* Model */,
				2F195F161A8953D300177D18 /* View */,
				2F195F181A89543A00177D18 /* Controller */,
				2F195EE41A894F6E00177D18 /* AppDelegate.h */,
				2F195EE51A894F6E00177D18 /* AppDelegate.m */,
				2F195EF01A894F6E00177D18 /* Images.xcassets */,
				2F195EE01A894F6E00177D18 /* Supporting Files */,
			);
			path = HotelduCoreData;
			sourceTree = "<group>";
		};
		2F195EE01A894F6E00177D18 /* Supporting Files */ = {
			isa = PBXGroup;
			children = (
				2F195EE11A894F6E00177D18 /* Info.plist */,
				2F195EE21A894F6E00177D18 /* main.m */,
			);
			name = "Supporting Files";
			sourceTree = "<group>";
		};
		2F195EFC1A894F6E00177D18 /* HotelduCoreDataTests */ = {
			isa = PBXGroup;
			children = (
				2F195EFF1A894F6E00177D18 /* HotelduCoreDataTests.m */,
				2F195EFD1A894F6E00177D18 /* Supporting Files */,
				5D56E1171A8EEAAE00B15E37 /* HashTableTests.m */,
			);
			path = HotelduCoreDataTests;
			sourceTree = "<group>";
		};
		2F195EFD1A894F6E00177D18 /* Supporting Files */ = {
			isa = PBXGroup;
			children = (
				2F195EFE1A894F6E00177D18 /* Info.plist */,
			);
			name = "Supporting Files";
			sourceTree = "<group>";
		};
		2F195F161A8953D300177D18 /* View */ = {
			isa = PBXGroup;
			children = (
				2F195EF21A894F6E00177D18 /* LaunchScreen.xib */,
				2F195EED1A894F6E00177D18 /* Main.storyboard */,
			);
			name = View;
			sourceTree = "<group>";
		};
		2F195F171A8953D800177D18 /* Model */ = {
			isa = PBXGroup;
			children = (
				2F0596D21A8BFB9000AC2AFB /* CoreDataStack.h */,
				2F0596D31A8BFB9000AC2AFB /* CoreDataStack.m */,
				2F8F422A1A8AB53200787B51 /* Guest.h */,
				2F8F422B1A8AB53200787B51 /* Guest.m */,
				2F195F091A8953C300177D18 /* Hotel.h */,
				2F195F0A1A8953C300177D18 /* Hotel.m */,
				2F0596D51A8C002400AC2AFB /* HotelService.h */,
				2F0596D61A8C002400AC2AFB /* HotelService.m */,
				2F195EE71A894F6E00177D18 /* HotelduCoreData.xcdatamodeld */,
				2F195F121A8953C400177D18 /* Reservation.h */,
				2F195F131A8953C400177D18 /* Reservation.m */,
				2F195F0C1A8953C400177D18 /* Room.h */,
				2F195F0D1A8953C400177D18 /* Room.m */,
				2F195F1C1A895D7700177D18 /* seed.json */,
				2FEB7E121A8D6B7300A62C6E /* Bucket.h */,
				2FEB7E131A8D6B7300A62C6E /* Bucket.m */,
				2FEB7E151A8D6C4800A62C6E /* HashTable.h */,
				2FEB7E161A8D6C4800A62C6E /* HashTable.m */,
			);
			name = Model;
			sourceTree = "<group>";
		};
		2F195F181A89543A00177D18 /* Controller */ = {
			isa = PBXGroup;
			children = (
				2F8F421F1A8AABA500787B51 /* AddReservationViewController.h */,
				2F8F42201A8AABA500787B51 /* AddReservationViewController.m */,
				2F8F422D1A8ABB0600787B51 /* AvailibilityViewController.h */,
				2F8F422E1A8ABB0600787B51 /* AvailibilityViewController.m */,
				2F195F191A8954E300177D18 /* HotelListViewController.h */,
				2F195F1A1A8954E300177D18 /* HotelListViewController.m */,
				2F195F241A89832D00177D18 /* MenuTableViewController.h */,
				2F195F251A89832D00177D18 /* MenuTableViewController.m */,
				2F0596DB1A8C06AF00AC2AFB /* ReservationListViewController.h */,
				2F0596DC1A8C06AF00AC2AFB /* ReservationListViewController.m */,
				2F195F1E1A8967AE00177D18 /* RoomListViewController.h */,
				2F195F1F1A8967AE00177D18 /* RoomListViewController.m */,
			);
			name = Controller;
			sourceTree = "<group>";
		};
/* End PBXGroup section */

/* Begin PBXNativeTarget section */
		2F195EDC1A894F6E00177D18 /* HotelduCoreData */ = {
			isa = PBXNativeTarget;
			buildConfigurationList = 2F195F031A894F6E00177D18 /* Build configuration list for PBXNativeTarget "HotelduCoreData" */;
			buildPhases = (
				2F195ED91A894F6E00177D18 /* Sources */,
				2F195EDA1A894F6E00177D18 /* Frameworks */,
				2F195EDB1A894F6E00177D18 /* Resources */,
			);
			buildRules = (
			);
			dependencies = (
			);
			name = HotelduCoreData;
			productName = HotelduCoreData;
			productReference = 2F195EDD1A894F6E00177D18 /* HotelduCoreData.app */;
			productType = "com.apple.product-type.application";
		};
		2F195EF81A894F6E00177D18 /* HotelduCoreDataTests */ = {
			isa = PBXNativeTarget;
			buildConfigurationList = 2F195F061A894F6E00177D18 /* Build configuration list for PBXNativeTarget "HotelduCoreDataTests" */;
			buildPhases = (
				2F195EF51A894F6E00177D18 /* Sources */,
				2F195EF61A894F6E00177D18 /* Frameworks */,
				2F195EF71A894F6E00177D18 /* Resources */,
			);
			buildRules = (
			);
			dependencies = (
				2F195EFB1A894F6E00177D18 /* PBXTargetDependency */,
			);
			name = HotelduCoreDataTests;
			productName = HotelduCoreDataTests;
			productReference = 2F195EF91A894F6E00177D18 /* HotelduCoreDataTests.xctest */;
			productType = "com.apple.product-type.bundle.unit-test";
		};
/* End PBXNativeTarget section */

/* Begin PBXProject section */
		2F195ED51A894F6E00177D18 /* Project object */ = {
			isa = PBXProject;
			attributes = {
				LastUpgradeCheck = 0610;
				ORGANIZATIONNAME = "John Leonard";
				TargetAttributes = {
					2F195EDC1A894F6E00177D18 = {
						CreatedOnToolsVersion = 6.1.1;
					};
					2F195EF81A894F6E00177D18 = {
						CreatedOnToolsVersion = 6.1.1;
						TestTargetID = 2F195EDC1A894F6E00177D18;
					};
				};
			};
			buildConfigurationList = 2F195ED81A894F6E00177D18 /* Build configuration list for PBXProject "HotelduCoreData" */;
			compatibilityVersion = "Xcode 3.2";
			developmentRegion = English;
			hasScannedForEncodings = 0;
			knownRegions = (
				en,
				Base,
			);
			mainGroup = 2F195ED41A894F6E00177D18;
			productRefGroup = 2F195EDE1A894F6E00177D18 /* Products */;
			projectDirPath = "";
			projectRoot = "";
			targets = (
				2F195EDC1A894F6E00177D18 /* HotelduCoreData */,
				2F195EF81A894F6E00177D18 /* HotelduCoreDataTests */,
			);
		};
/* End PBXProject section */

/* Begin PBXResourcesBuildPhase section */
		2F195EDB1A894F6E00177D18 /* Resources */ = {
			isa = PBXResourcesBuildPhase;
			buildActionMask = 2147483647;
			files = (
				2F195EEF1A894F6E00177D18 /* Main.storyboard in Resources */,
				2F195EF41A894F6E00177D18 /* LaunchScreen.xib in Resources */,
				2F195F1D1A895D7700177D18 /* seed.json in Resources */,
				2F195EF11A894F6E00177D18 /* Images.xcassets in Resources */,
			);
			runOnlyForDeploymentPostprocessing = 0;
		};
		2F195EF71A894F6E00177D18 /* Resources */ = {
			isa = PBXResourcesBuildPhase;
			buildActionMask = 2147483647;
			files = (
			);
			runOnlyForDeploymentPostprocessing = 0;
		};
/* End PBXResourcesBuildPhase section */

/* Begin PBXSourcesBuildPhase section */
		2F195ED91A894F6E00177D18 /* Sources */ = {
			isa = PBXSourcesBuildPhase;
			buildActionMask = 2147483647;
			files = (
				2F195F0E1A8953C400177D18 /* Room.m in Sources */,
				2FEB7E141A8D6B7300A62C6E /* Bucket.m in Sources */,
				2F195EE61A894F6E00177D18 /* AppDelegate.m in Sources */,
				2F0596D41A8BFB9000AC2AFB /* CoreDataStack.m in Sources */,
				2F195F141A8953C400177D18 /* Reservation.m in Sources */,
				2F195F261A89832D00177D18 /* MenuTableViewController.m in Sources */,
				2FEB7E171A8D6C4800A62C6E /* HashTable.m in Sources */,
				2F195EE31A894F6E00177D18 /* main.m in Sources */,
				2F8F422F1A8ABB0600787B51 /* AvailibilityViewController.m in Sources */,
				2F8F42211A8AABA500787B51 /* AddReservationViewController.m in Sources */,
				2F195F0B1A8953C300177D18 /* Hotel.m in Sources */,
				2F195EE91A894F6E00177D18 /* HotelduCoreData.xcdatamodeld in Sources */,
				2F0596DD1A8C06AF00AC2AFB /* ReservationListViewController.m in Sources */,
				2F0596D71A8C002400AC2AFB /* HotelService.m in Sources */,
				2F195F201A8967AE00177D18 /* RoomListViewController.m in Sources */,
				2F8F422C1A8AB53200787B51 /* Guest.m in Sources */,
				2F195F1B1A8954E300177D18 /* HotelListViewController.m in Sources */,
			);
			runOnlyForDeploymentPostprocessing = 0;
		};
		2F195EF51A894F6E00177D18 /* Sources */ = {
			isa = PBXSourcesBuildPhase;
			buildActionMask = 2147483647;
			files = (
				2F195F001A894F6E00177D18 /* HotelduCoreDataTests.m in Sources */,
				5D56E1181A8EEAAE00B15E37 /* HashTableTests.m in Sources */,
			);
			runOnlyForDeploymentPostprocessing = 0;
		};
/* End PBXSourcesBuildPhase section */

/* Begin PBXTargetDependency section */
		2F195EFB1A894F6E00177D18 /* PBXTargetDependency */ = {
			isa = PBXTargetDependency;
			target = 2F195EDC1A894F6E00177D18 /* HotelduCoreData */;
			targetProxy = 2F195EFA1A894F6E00177D18 /* PBXContainerItemProxy */;
		};
/* End PBXTargetDependency section */

/* Begin PBXVariantGroup section */
		2F195EED1A894F6E00177D18 /* Main.storyboard */ = {
			isa = PBXVariantGroup;
			children = (
				2F195EEE1A894F6E00177D18 /* Base */,
			);
			name = Main.storyboard;
			sourceTree = "<group>";
		};
		2F195EF21A894F6E00177D18 /* LaunchScreen.xib */ = {
			isa = PBXVariantGroup;
			children = (
				2F195EF31A894F6E00177D18 /* Base */,
			);
			name = LaunchScreen.xib;
			sourceTree = "<group>";
		};
/* End PBXVariantGroup section */

/* Begin XCBuildConfiguration section */
		2F195F011A894F6E00177D18 /* Debug */ = {
			isa = XCBuildConfiguration;
			buildSettings = {
				ALWAYS_SEARCH_USER_PATHS = NO;
				CLANG_CXX_LANGUAGE_STANDARD = "gnu++0x";
				CLANG_CXX_LIBRARY = "libc++";
				CLANG_ENABLE_MODULES = YES;
				CLANG_ENABLE_OBJC_ARC = YES;
				CLANG_WARN_BOOL_CONVERSION = YES;
				CLANG_WARN_CONSTANT_CONVERSION = YES;
				CLANG_WARN_DIRECT_OBJC_ISA_USAGE = YES_ERROR;
				CLANG_WARN_EMPTY_BODY = YES;
				CLANG_WARN_ENUM_CONVERSION = YES;
				CLANG_WARN_INT_CONVERSION = YES;
				CLANG_WARN_OBJC_ROOT_CLASS = YES_ERROR;
				CLANG_WARN_UNREACHABLE_CODE = YES;
				CLANG_WARN__DUPLICATE_METHOD_MATCH = YES;
				"CODE_SIGN_IDENTITY[sdk=iphoneos*]" = "iPhone Developer";
				COPY_PHASE_STRIP = NO;
				ENABLE_STRICT_OBJC_MSGSEND = YES;
				GCC_C_LANGUAGE_STANDARD = gnu99;
				GCC_DYNAMIC_NO_PIC = NO;
				GCC_OPTIMIZATION_LEVEL = 0;
				GCC_PREPROCESSOR_DEFINITIONS = (
					"DEBUG=1",
					"$(inherited)",
				);
				GCC_SYMBOLS_PRIVATE_EXTERN = NO;
				GCC_WARN_64_TO_32_BIT_CONVERSION = YES;
				GCC_WARN_ABOUT_RETURN_TYPE = YES_ERROR;
				GCC_WARN_UNDECLARED_SELECTOR = YES;
				GCC_WARN_UNINITIALIZED_AUTOS = YES_AGGRESSIVE;
				GCC_WARN_UNUSED_FUNCTION = YES;
				GCC_WARN_UNUSED_VARIABLE = YES;
				IPHONEOS_DEPLOYMENT_TARGET = 8.1;
				MTL_ENABLE_DEBUG_INFO = YES;
				ONLY_ACTIVE_ARCH = YES;
				SDKROOT = iphoneos;
				TARGETED_DEVICE_FAMILY = "1,2";
			};
			name = Debug;
		};
		2F195F021A894F6E00177D18 /* Release */ = {
			isa = XCBuildConfiguration;
			buildSettings = {
				ALWAYS_SEARCH_USER_PATHS = NO;
				CLANG_CXX_LANGUAGE_STANDARD = "gnu++0x";
				CLANG_CXX_LIBRARY = "libc++";
				CLANG_ENABLE_MODULES = YES;
				CLANG_ENABLE_OBJC_ARC = YES;
				CLANG_WARN_BOOL_CONVERSION = YES;
				CLANG_WARN_CONSTANT_CONVERSION = YES;
				CLANG_WARN_DIRECT_OBJC_ISA_USAGE = YES_ERROR;
				CLANG_WARN_EMPTY_BODY = YES;
				CLANG_WARN_ENUM_CONVERSION = YES;
				CLANG_WARN_INT_CONVERSION = YES;
				CLANG_WARN_OBJC_ROOT_CLASS = YES_ERROR;
				CLANG_WARN_UNREACHABLE_CODE = YES;
				CLANG_WARN__DUPLICATE_METHOD_MATCH = YES;
				"CODE_SIGN_IDENTITY[sdk=iphoneos*]" = "iPhone Developer";
				COPY_PHASE_STRIP = YES;
				ENABLE_NS_ASSERTIONS = NO;
				ENABLE_STRICT_OBJC_MSGSEND = YES;
				GCC_C_LANGUAGE_STANDARD = gnu99;
				GCC_WARN_64_TO_32_BIT_CONVERSION = YES;
				GCC_WARN_ABOUT_RETURN_TYPE = YES_ERROR;
				GCC_WARN_UNDECLARED_SELECTOR = YES;
				GCC_WARN_UNINITIALIZED_AUTOS = YES_AGGRESSIVE;
				GCC_WARN_UNUSED_FUNCTION = YES;
				GCC_WARN_UNUSED_VARIABLE = YES;
				IPHONEOS_DEPLOYMENT_TARGET = 8.1;
				MTL_ENABLE_DEBUG_INFO = NO;
				SDKROOT = iphoneos;
				TARGETED_DEVICE_FAMILY = "1,2";
				VALIDATE_PRODUCT = YES;
			};
			name = Release;
		};
		2F195F041A894F6E00177D18 /* Debug */ = {
			isa = XCBuildConfiguration;
			buildSettings = {
				ASSETCATALOG_COMPILER_APPICON_NAME = AppIcon;
				INFOPLIST_FILE = HotelduCoreData/Info.plist;
				LD_RUNPATH_SEARCH_PATHS = "$(inherited) @executable_path/Frameworks";
				PRODUCT_NAME = "$(TARGET_NAME)";
			};
			name = Debug;
		};
		2F195F051A894F6E00177D18 /* Release */ = {
			isa = XCBuildConfiguration;
			buildSettings = {
				ASSETCATALOG_COMPILER_APPICON_NAME = AppIcon;
				INFOPLIST_FILE = HotelduCoreData/Info.plist;
				LD_RUNPATH_SEARCH_PATHS = "$(inherited) @executable_path/Frameworks";
				PRODUCT_NAME = "$(TARGET_NAME)";
			};
			name = Release;
		};
		2F195F071A894F6E00177D18 /* Debug */ = {
			isa = XCBuildConfiguration;
			buildSettings = {
				BUNDLE_LOADER = "$(TEST_HOST)";
				FRAMEWORK_SEARCH_PATHS = (
					"$(SDKROOT)/Developer/Library/Frameworks",
					"$(inherited)",
				);
				GCC_PREPROCESSOR_DEFINITIONS = (
					"DEBUG=1",
					"$(inherited)",
				);
				INFOPLIST_FILE = HotelduCoreDataTests/Info.plist;
				LD_RUNPATH_SEARCH_PATHS = "$(inherited) @executable_path/Frameworks @loader_path/Frameworks";
				PRODUCT_NAME = "$(TARGET_NAME)";
				TEST_HOST = "$(BUILT_PRODUCTS_DIR)/HotelduCoreData.app/HotelduCoreData";
			};
			name = Debug;
		};
		2F195F081A894F6E00177D18 /* Release */ = {
			isa = XCBuildConfiguration;
			buildSettings = {
				BUNDLE_LOADER = "$(TEST_HOST)";
				FRAMEWORK_SEARCH_PATHS = (
					"$(SDKROOT)/Developer/Library/Frameworks",
					"$(inherited)",
				);
				INFOPLIST_FILE = HotelduCoreDataTests/Info.plist;
				LD_RUNPATH_SEARCH_PATHS = "$(inherited) @executable_path/Frameworks @loader_path/Frameworks";
				PRODUCT_NAME = "$(TARGET_NAME)";
				TEST_HOST = "$(BUILT_PRODUCTS_DIR)/HotelduCoreData.app/HotelduCoreData";
			};
			name = Release;
		};
/* End XCBuildConfiguration section */

/* Begin XCConfigurationList section */
		2F195ED81A894F6E00177D18 /* Build configuration list for PBXProject "HotelduCoreData" */ = {
			isa = XCConfigurationList;
			buildConfigurations = (
				2F195F011A894F6E00177D18 /* Debug */,
				2F195F021A894F6E00177D18 /* Release */,
			);
			defaultConfigurationIsVisible = 0;
			defaultConfigurationName = Release;
		};
		2F195F031A894F6E00177D18 /* Build configuration list for PBXNativeTarget "HotelduCoreData" */ = {
			isa = XCConfigurationList;
			buildConfigurations = (
				2F195F041A894F6E00177D18 /* Debug */,
				2F195F051A894F6E00177D18 /* Release */,
			);
			defaultConfigurationIsVisible = 0;
			defaultConfigurationName = Release;
		};
		2F195F061A894F6E00177D18 /* Build configuration list for PBXNativeTarget "HotelduCoreDataTests" */ = {
			isa = XCConfigurationList;
			buildConfigurations = (
				2F195F071A894F6E00177D18 /* Debug */,
				2F195F081A894F6E00177D18 /* Release */,
			);
			defaultConfigurationIsVisible = 0;
			defaultConfigurationName = Release;
		};
/* End XCConfigurationList section */

/* Begin XCVersionGroup section */
		2F195EE71A894F6E00177D18 /* HotelduCoreData.xcdatamodeld */ = {
			isa = XCVersionGroup;
			children = (
				2F195EE81A894F6E00177D18 /* HotelduCoreData.xcdatamodel */,
			);
			currentVersion = 2F195EE81A894F6E00177D18 /* HotelduCoreData.xcdatamodel */;
			path = HotelduCoreData.xcdatamodeld;
			sourceTree = "<group>";
			versionGroupType = wrapper.xcdatamodel;
		};
/* End XCVersionGroup section */
	};
	rootObject = 2F195ED51A894F6E00177D18 /* Project object */;
}
